
Microsoft Visual Studio Solution File, Format Version 12.00
# Visual Studio Version 17
VisualStudioVersion = 17.0.31903.59
MinimumVisualStudioVersion = 10.0.40219.1
Project("{2150E333-8FDC-42A3-9474-1A3956D46DE8}") = "src", "src", "{302141CD-A246-40A8-877F-3D507212AFAC}"
EndProject
Project("{2150E333-8FDC-42A3-9474-1A3956D46DE8}") = "test", "test", "{C5E2FB20-2519-41B1-9C87-A8A97433A520}"
EndProject
Project("{FAE04EC0-301F-11D3-BF4B-00C04F79EFBC}") = "Puzzle.Abstractions", "src\Puzzle.Abstractions\Puzzle.Abstractions.csproj", "{265380D8-F9FA-4E71-91CD-A2862727CE1A}"
EndProject
Project("{FAE04EC0-301F-11D3-BF4B-00C04F79EFBC}") = "Puzzle.Abstractions.Tests.Unit", "test\Puzzle.Abstractions.Tests.Unit\Puzzle.Abstractions.Tests.Unit.csproj", "{3CCB7B52-4763-4CB2-A1A4-D62B39EA85F8}"
EndProject
Project("{FAE04EC0-301F-11D3-BF4B-00C04F79EFBC}") = "Puzzle.Blazor", "src\Puzzle.Blazor\Puzzle.Blazor.csproj", "{98197218-8685-42D7-B341-83F1C30C8A92}"
EndProject
Project("{FAE04EC0-301F-11D3-BF4B-00C04F79EFBC}") = "Puzzle.Blazor.Tests.Unit", "test\Puzzle.Blazor.Tests.Unit\Puzzle.Blazor.Tests.Unit.csproj", "{6195FD95-B6E0-4B79-A414-EF827EBD0776}"
EndProject
Project("{FAE04EC0-301F-11D3-BF4B-00C04F79EFBC}") = "Puzzle", "src\Puzzle\Puzzle.csproj", "{4DC56E31-CD1D-44D3-9DA6-82E9D07E91B1}"
EndProject
Project("{FAE04EC0-301F-11D3-BF4B-00C04F79EFBC}") = "Puzzle.Tests.Unit", "test\Puzzle.Tests.Unit\Puzzle.Tests.Unit.csproj", "{4EAB23CB-F359-49E2-AFB6-863745198626}"
EndProject
Project("{FAE04EC0-301F-11D3-BF4B-00C04F79EFBC}") = "Puzzle.Tests.Unit.TestPlugin", "test\Puzzle.Tests.Unit.TestPlugin\Puzzle.Tests.Unit.TestPlugin.csproj", "{33DB30AC-6AC2-4D33-9A1F-10F92C0EE2CF}"
EndProject
Project("{2150E333-8FDC-42A3-9474-1A3956D46DE8}") = "samples", "samples", "{6E8BDAD0-36DC-485E-A8D8-764AF673D858}"
EndProject
Project("{2150E333-8FDC-42A3-9474-1A3956D46DE8}") = "FileParser", "FileParser", "{5E603124-F270-4959-8DCC-9482A2A38FB5}"
EndProject
Project("{FAE04EC0-301F-11D3-BF4B-00C04F79EFBC}") = "FileParser.ConsoleApp", "samples\FileParser\FileParser.ConsoleApp\FileParser.ConsoleApp.csproj", "{DE448489-DC75-47E3-9C51-3E31F74A0810}"
EndProject
Project("{FAE04EC0-301F-11D3-BF4B-00C04F79EFBC}") = "FileParser.Abstractions", "samples\FileParser\FileParser.Abstractions\FileParser.Abstractions.csproj", "{1070A81E-B505-40C7-9A99-54AD3E05B018}"
EndProject
Project("{FAE04EC0-301F-11D3-BF4B-00C04F79EFBC}") = "FileParser.Plugins.Csv", "samples\FileParser\FileParser.Plugins.Csv\FileParser.Plugins.Csv.csproj", "{187C1912-3B0C-451B-9CD3-54A38C141C48}"
EndProject
Global
	GlobalSection(SolutionConfigurationPlatforms) = preSolution
		Debug|Any CPU = Debug|Any CPU
		Release|Any CPU = Release|Any CPU
	EndGlobalSection
	GlobalSection(SolutionProperties) = preSolution
		HideSolutionNode = FALSE
	EndGlobalSection
	GlobalSection(ProjectConfigurationPlatforms) = postSolution
		{265380D8-F9FA-4E71-91CD-A2862727CE1A}.Debug|Any CPU.ActiveCfg = Debug|Any CPU
		{265380D8-F9FA-4E71-91CD-A2862727CE1A}.Debug|Any CPU.Build.0 = Debug|Any CPU
		{265380D8-F9FA-4E71-91CD-A2862727CE1A}.Release|Any CPU.ActiveCfg = Release|Any CPU
		{265380D8-F9FA-4E71-91CD-A2862727CE1A}.Release|Any CPU.Build.0 = Release|Any CPU
		{3CCB7B52-4763-4CB2-A1A4-D62B39EA85F8}.Debug|Any CPU.ActiveCfg = Debug|Any CPU
		{3CCB7B52-4763-4CB2-A1A4-D62B39EA85F8}.Debug|Any CPU.Build.0 = Debug|Any CPU
		{3CCB7B52-4763-4CB2-A1A4-D62B39EA85F8}.Release|Any CPU.ActiveCfg = Release|Any CPU
		{3CCB7B52-4763-4CB2-A1A4-D62B39EA85F8}.Release|Any CPU.Build.0 = Release|Any CPU
		{98197218-8685-42D7-B341-83F1C30C8A92}.Debug|Any CPU.ActiveCfg = Debug|Any CPU
		{98197218-8685-42D7-B341-83F1C30C8A92}.Debug|Any CPU.Build.0 = Debug|Any CPU
		{98197218-8685-42D7-B341-83F1C30C8A92}.Release|Any CPU.ActiveCfg = Release|Any CPU
		{98197218-8685-42D7-B341-83F1C30C8A92}.Release|Any CPU.Build.0 = Release|Any CPU
		{6195FD95-B6E0-4B79-A414-EF827EBD0776}.Debug|Any CPU.ActiveCfg = Debug|Any CPU
		{6195FD95-B6E0-4B79-A414-EF827EBD0776}.Debug|Any CPU.Build.0 = Debug|Any CPU
		{6195FD95-B6E0-4B79-A414-EF827EBD0776}.Release|Any CPU.ActiveCfg = Release|Any CPU
		{6195FD95-B6E0-4B79-A414-EF827EBD0776}.Release|Any CPU.Build.0 = Release|Any CPU
		{4DC56E31-CD1D-44D3-9DA6-82E9D07E91B1}.Debug|Any CPU.ActiveCfg = Debug|Any CPU
		{4DC56E31-CD1D-44D3-9DA6-82E9D07E91B1}.Debug|Any CPU.Build.0 = Debug|Any CPU
		{4DC56E31-CD1D-44D3-9DA6-82E9D07E91B1}.Release|Any CPU.ActiveCfg = Release|Any CPU
		{4DC56E31-CD1D-44D3-9DA6-82E9D07E91B1}.Release|Any CPU.Build.0 = Release|Any CPU
		{4EAB23CB-F359-49E2-AFB6-863745198626}.Debug|Any CPU.ActiveCfg = Debug|Any CPU
		{4EAB23CB-F359-49E2-AFB6-863745198626}.Debug|Any CPU.Build.0 = Debug|Any CPU
		{4EAB23CB-F359-49E2-AFB6-863745198626}.Release|Any CPU.ActiveCfg = Release|Any CPU
		{4EAB23CB-F359-49E2-AFB6-863745198626}.Release|Any CPU.Build.0 = Release|Any CPU
		{33DB30AC-6AC2-4D33-9A1F-10F92C0EE2CF}.Debug|Any CPU.ActiveCfg = Debug|Any CPU
		{33DB30AC-6AC2-4D33-9A1F-10F92C0EE2CF}.Debug|Any CPU.Build.0 = Debug|Any CPU
		{33DB30AC-6AC2-4D33-9A1F-10F92C0EE2CF}.Release|Any CPU.ActiveCfg = Release|Any CPU
		{33DB30AC-6AC2-4D33-9A1F-10F92C0EE2CF}.Release|Any CPU.Build.0 = Release|Any CPU
		{DE448489-DC75-47E3-9C51-3E31F74A0810}.Debug|Any CPU.ActiveCfg = Debug|Any CPU
		{DE448489-DC75-47E3-9C51-3E31F74A0810}.Debug|Any CPU.Build.0 = Debug|Any CPU
		{DE448489-DC75-47E3-9C51-3E31F74A0810}.Release|Any CPU.ActiveCfg = Release|Any CPU
		{DE448489-DC75-47E3-9C51-3E31F74A0810}.Release|Any CPU.Build.0 = Release|Any CPU
		{1070A81E-B505-40C7-9A99-54AD3E05B018}.Debug|Any CPU.ActiveCfg = Debug|Any CPU
		{1070A81E-B505-40C7-9A99-54AD3E05B018}.Debug|Any CPU.Build.0 = Debug|Any CPU
		{1070A81E-B505-40C7-9A99-54AD3E05B018}.Release|Any CPU.ActiveCfg = Release|Any CPU
		{1070A81E-B505-40C7-9A99-54AD3E05B018}.Release|Any CPU.Build.0 = Release|Any CPU
		{187C1912-3B0C-451B-9CD3-54A38C141C48}.Debug|Any CPU.ActiveCfg = Debug|Any CPU
		{187C1912-3B0C-451B-9CD3-54A38C141C48}.Debug|Any CPU.Build.0 = Debug|Any CPU
		{187C1912-3B0C-451B-9CD3-54A38C141C48}.Release|Any CPU.ActiveCfg = Release|Any CPU
		{187C1912-3B0C-451B-9CD3-54A38C141C48}.Release|Any CPU.Build.0 = Release|Any CPU
	EndGlobalSection
	GlobalSection(NestedProjects) = preSolution
		{265380D8-F9FA-4E71-91CD-A2862727CE1A} = {302141CD-A246-40A8-877F-3D507212AFAC}
		{3CCB7B52-4763-4CB2-A1A4-D62B39EA85F8} = {C5E2FB20-2519-41B1-9C87-A8A97433A520}
		{98197218-8685-42D7-B341-83F1C30C8A92} = {302141CD-A246-40A8-877F-3D507212AFAC}
		{6195FD95-B6E0-4B79-A414-EF827EBD0776} = {C5E2FB20-2519-41B1-9C87-A8A97433A520}
		{4DC56E31-CD1D-44D3-9DA6-82E9D07E91B1} = {302141CD-A246-40A8-877F-3D507212AFAC}
		{4EAB23CB-F359-49E2-AFB6-863745198626} = {C5E2FB20-2519-41B1-9C87-A8A97433A520}
		{33DB30AC-6AC2-4D33-9A1F-10F92C0EE2CF} = {C5E2FB20-2519-41B1-9C87-A8A97433A520}
		{5E603124-F270-4959-8DCC-9482A2A38FB5} = {6E8BDAD0-36DC-485E-A8D8-764AF673D858}
		{DE448489-DC75-47E3-9C51-3E31F74A0810} = {5E603124-F270-4959-8DCC-9482A2A38FB5}
		{1070A81E-B505-40C7-9A99-54AD3E05B018} = {5E603124-F270-4959-8DCC-9482A2A38FB5}
		{187C1912-3B0C-451B-9CD3-54A38C141C48} = {5E603124-F270-4959-8DCC-9482A2A38FB5}
	EndGlobalSection
EndGlobal
