
Microsoft Visual Studio Solution File, Format Version 12.00
# Visual Studio Version 17
VisualStudioVersion = 17.0.31903.59
MinimumVisualStudioVersion = 10.0.40219.1
Project("{2150E333-8FDC-42A3-9474-1A3956D46DE8}") = "src", "src", "{302141CD-A246-40A8-877F-3D507212AFAC}"
EndProject
Project("{2150E333-8FDC-42A3-9474-1A3956D46DE8}") = "test", "test", "{C5E2FB20-2519-41B1-9C87-A8A97433A520}"
EndProject
Project("{FAE04EC0-301F-11D3-BF4B-00C04F79EFBC}") = "Puzzle.Abstractions", "src\Puzzle.Abstractions\Puzzle.Abstractions.csproj", "{265380D8-F9FA-4E71-91CD-A2862727CE1A}"
EndProject
Project("{FAE04EC0-301F-11D3-BF4B-00C04F79EFBC}") = "Puzzle.Abstractions.Tests.Unit", "test\Puzzle.Abstractions.Tests.Unit\Puzzle.Abstractions.Tests.Unit.csproj", "{3CCB7B52-4763-4CB2-A1A4-D62B39EA85F8}"
EndProject
Project("{FAE04EC0-301F-11D3-BF4B-00C04F79EFBC}") = "Puzzle.Blazor", "src\Puzzle.Blazor\Puzzle.Blazor.csproj", "{98197218-8685-42D7-B341-83F1C30C8A92}"
EndProject
Project("{FAE04EC0-301F-11D3-BF4B-00C04F79EFBC}") = "Puzzle.Blazor.Tests.Unit", "test\Puzzle.Blazor.Tests.Unit\Puzzle.Blazor.Tests.Unit.csproj", "{6195FD95-B6E0-4B79-A414-EF827EBD0776}"
EndProject
Project("{FAE04EC0-301F-11D3-BF4B-00C04F79EFBC}") = "Puzzle", "src\Puzzle\Puzzle.csproj", "{4DC56E31-CD1D-44D3-9DA6-82E9D07E91B1}"
EndProject
Global
	GlobalSection(SolutionConfigurationPlatforms) = preSolution
		Debug|Any CPU = Debug|Any CPU
		Release|Any CPU = Release|Any CPU
	EndGlobalSection
	GlobalSection(SolutionProperties) = preSolution
		HideSolutionNode = FALSE
	EndGlobalSection
	GlobalSection(ProjectConfigurationPlatforms) = postSolution
		{265380D8-F9FA-4E71-91CD-A2862727CE1A}.Debug|Any CPU.ActiveCfg = Debug|Any CPU
		{265380D8-F9FA-4E71-91CD-A2862727CE1A}.Debug|Any CPU.Build.0 = Debug|Any CPU
		{265380D8-F9FA-4E71-91CD-A2862727CE1A}.Release|Any CPU.ActiveCfg = Release|Any CPU
		{265380D8-F9FA-4E71-91CD-A2862727CE1A}.Release|Any CPU.Build.0 = Release|Any CPU
		{3CCB7B52-4763-4CB2-A1A4-D62B39EA85F8}.Debug|Any CPU.ActiveCfg = Debug|Any CPU
		{3CCB7B52-4763-4CB2-A1A4-D62B39EA85F8}.Debug|Any CPU.Build.0 = Debug|Any CPU
		{3CCB7B52-4763-4CB2-A1A4-D62B39EA85F8}.Release|Any CPU.ActiveCfg = Release|Any CPU
		{3CCB7B52-4763-4CB2-A1A4-D62B39EA85F8}.Release|Any CPU.Build.0 = Release|Any CPU
		{98197218-8685-42D7-B341-83F1C30C8A92}.Debug|Any CPU.ActiveCfg = Debug|Any CPU
		{98197218-8685-42D7-B341-83F1C30C8A92}.Debug|Any CPU.Build.0 = Debug|Any CPU
		{98197218-8685-42D7-B341-83F1C30C8A92}.Release|Any CPU.ActiveCfg = Release|Any CPU
		{98197218-8685-42D7-B341-83F1C30C8A92}.Release|Any CPU.Build.0 = Release|Any CPU
		{6195FD95-B6E0-4B79-A414-EF827EBD0776}.Debug|Any CPU.ActiveCfg = Debug|Any CPU
		{6195FD95-B6E0-4B79-A414-EF827EBD0776}.Debug|Any CPU.Build.0 = Debug|Any CPU
		{6195FD95-B6E0-4B79-A414-EF827EBD0776}.Release|Any CPU.ActiveCfg = Release|Any CPU
		{6195FD95-B6E0-4B79-A414-EF827EBD0776}.Release|Any CPU.Build.0 = Release|Any CPU
		{4DC56E31-CD1D-44D3-9DA6-82E9D07E91B1}.Debug|Any CPU.ActiveCfg = Debug|Any CPU
		{4DC56E31-CD1D-44D3-9DA6-82E9D07E91B1}.Debug|Any CPU.Build.0 = Debug|Any CPU
		{4DC56E31-CD1D-44D3-9DA6-82E9D07E91B1}.Release|Any CPU.ActiveCfg = Release|Any CPU
		{4DC56E31-CD1D-44D3-9DA6-82E9D07E91B1}.Release|Any CPU.Build.0 = Release|Any CPU
	EndGlobalSection
	GlobalSection(NestedProjects) = preSolution
		{265380D8-F9FA-4E71-91CD-A2862727CE1A} = {302141CD-A246-40A8-877F-3D507212AFAC}
		{3CCB7B52-4763-4CB2-A1A4-D62B39EA85F8} = {C5E2FB20-2519-41B1-9C87-A8A97433A520}
		{98197218-8685-42D7-B341-83F1C30C8A92} = {302141CD-A246-40A8-877F-3D507212AFAC}
		{6195FD95-B6E0-4B79-A414-EF827EBD0776} = {C5E2FB20-2519-41B1-9C87-A8A97433A520}
		{4DC56E31-CD1D-44D3-9DA6-82E9D07E91B1} = {302141CD-A246-40A8-877F-3D507212AFAC}
	EndGlobalSection
EndGlobal
